{
    "_readme": [
        "This file locks the dependencies of your project to a known state",
        "Read more about it at https://getcomposer.org/doc/01-basic-usage.md#installing-dependencies",
        "This file is @generated automatically"
    ],
    "content-hash": "e67d3ea13524cc127c10aa041a12bd60",
    "packages": [
        {
            "name": "apache/log4php",
            "version": "2.3.0",
            "source": {
                "type": "git",
                "url": "https://github.com/apache/logging-log4php.git",
                "reference": "cac428b6f67d2035af39784da1d1a299ef42fcf2"
            },
            "dist": {
                "type": "zip",
                "url": "https://api.github.com/repos/apache/logging-log4php/zipball/cac428b6f67d2035af39784da1d1a299ef42fcf2",
                "reference": "cac428b6f67d2035af39784da1d1a299ef42fcf2",
                "shasum": "",
                "mirrors": [
                    {
                        "url": "https://dl.laravel-china.org/%package%/%reference%.%type%",
                        "preferred": true
                    }
                ]
            },
            "require": {
                "php": ">=5.2.7"
            },
            "type": "library",
            "autoload": {
                "classmap": [
                    "src/main/php/"
                ]
            },
            "notification-url": "https://packagist.org/downloads/",
            "license": [
                "Apache-2.0"
            ],
            "description": "A versatile logging framework for PHP",
            "homepage": "http://logging.apache.org/log4php/",
            "keywords": [
                "log",
                "logging",
                "php"
            ],
            "time": "2012-10-26T09:13:25+00:00"
        },
        {
            "name": "phalcon/cphalcon",
            "version": "v3.4.1",
            "source": {
                "type": "git",
                "url": "https://github.com/phalcon/cphalcon.git",
                "reference": "caeac66e7db02fd54c44a27cf22a6381654af2ee"
            },
            "dist": {
                "type": "zip",
                "url": "https://api.github.com/repos/phalcon/cphalcon/zipball/caeac66e7db02fd54c44a27cf22a6381654af2ee",
                "reference": "caeac66e7db02fd54c44a27cf22a6381654af2ee",
                "shasum": "",
                "mirrors": [
                    {
                        "url": "https://dl.laravel-china.org/%package%/%reference%.%type%",
                        "preferred": true
                    }
                ]
            },
            "require": {
                "php": ">=5.5"
            },
            "require-dev": {
                "codeception/codeception": "^2.3",
                "codeception/specify": "^0.4",
                "codeception/verify": "^0.3",
                "doctrine/instantiator": "1.0.5",
                "ext-dom": "*",
                "ext-json": "*",
                "ext-libxml": "*",
                "ext-mbstring": "*",
                "ext-xml": "*",
                "mustache/mustache": "^2.11",
                "phalcon/zephir": "^0.10",
                "phpdocumentor/reflection-docblock": "^2.0",
                "phpunit/phpunit": "^4.8",
                "predis/predis": "^1.1",
                "squizlabs/php_codesniffer": "^2.9",
                "twig/twig": "~1.34"
            },
            "type": "library",
            "notification-url": "https://packagist.org/downloads/",
            "license": [
                "BSD-3-Clause"
            ],
            "authors": [
                {
                    "name": "Contributors",
                    "homepage": "https://github.com/phalcon/cphalcon/graphs/contributors"
                },
                {
                    "name": "Phalcon Team",
                    "email": "team@phalconphp.com",
                    "homepage": "https://phalconphp.com/en/team"
                }
            ],
            "description": "Phalcon is an open source web framework delivered as a C extension for the PHP language providing high performance and lower resource consumption.",
            "keywords": [
                "extension",
                "framework",
                "high load",
                "mvc",
                "phalcon"
            ],
            "time": "2018-08-05T15:33:04+00:00"
        },
        {
            "name": "phpmicroservice/funch",
            "version": "0.0.4",
            "source": {
                "type": "git",
                "url": "https://github.com/phpmicroservice/funch.git",
                "reference": "e8754c14a62a8258517ad4675a47dbe979e8ac0b"
            },
            "dist": {
                "type": "zip",
                "url": "https://api.github.com/repos/phpmicroservice/funch/zipball/e8754c14a62a8258517ad4675a47dbe979e8ac0b",
                "reference": "e8754c14a62a8258517ad4675a47dbe979e8ac0b",
                "shasum": "",
                "mirrors": [
                    {
                        "url": "https://dl.laravel-china.org/%package%/%reference%.%type%",
                        "preferred": true
                    }
                ]
            },
            "require": {
                "php": ">7"
            },
            "type": "library",
            "autoload": {
                "psr-4": {
                    "funch\\": "src/"
                }
            },
            "notification-url": "https://packagist.org/downloads/",
            "license": [
                "MIT"
            ],
            "authors": [
                {
                    "name": "Dongasai",
                    "email": "1514582970@qq.com",
                    "homepage": "http://www.2xso.com",
                    "role": "Creator"
                }
            ],
            "description": "PHP的基础函数的增强版本或补充功能",
            "homepage": "https://github.com/phpmicroservice/funch",
            "keywords": [
                "function",
                "lodash",
                "method"
            ],
            "time": "2018-04-27T02:58:42+00:00"
        },
        {
            "name": "phpmicroservice/pms-frame",
            "version": "0.3.x-dev",
            "source": {
                "type": "git",
                "url": "https://github.com/phpmicroservice/pms.git",
                "reference": "a4c29ce99df96b789c14226c7db6ff07ccbdd910"
            },
            "dist": {
                "type": "zip",
                "url": "https://api.github.com/repos/phpmicroservice/pms/zipball/a4c29ce99df96b789c14226c7db6ff07ccbdd910",
                "reference": "a4c29ce99df96b789c14226c7db6ff07ccbdd910",
                "shasum": ""
            },
            "require": {
                "ext-phalcon": "3.4.*",
                "ext-swoole": "4.*",
                "ext-swoole_serialize": "0.1.*",
                "php": ">7.2",
                "phpmicroservice/funch": "0.*"
            },
            "require-dev": {
                "eaglewu/swoole-ide-helper": "dev-master@dev",
                "phalcon/ide-stubs": "v3.4.*"
            },
            "type": "project",
            "autoload": {
                "psr-4": {
                    "pms\\": "src/"
                },
                "files": [
                    "src/function.php"
                ]
            },
            "license": [
                "MIT"
            ],
            "authors": [
                {
                    "name": "Dongasai",
                    "email": "1514582970@qq.com",
                    "homepage": "http://www.2xso.com",
                    "role": "Creator"
                }
            ],
            "description": "一个采用Swoole做底层,采用Phalcon作为框架类库的微服务框架",
            "homepage": "http://pms.2xso.com",
            "keywords": [
                "microservice",
                "phalcon",
                "swoole",
                "tcp",
                "websockect"
            ],
            "support": {
                "source": "https://github.com/phpmicroservice/pms/tree/0.3",
                "issues": "https://github.com/phpmicroservice/pms/issues"
            },
            "time": "2019-03-20T12:11:44+00:00"
        },
        {
            "name": "swoft/swoole-ide-helper",
            "version": "v4.2.12",
            "source": {
                "type": "git",
                "url": "https://github.com/swoft-cloud/swoole-ide-helper.git",
                "reference": "912a2c5db04c859531d7e89a1a985bb63354fe8d"
            },
            "dist": {
                "type": "zip",
                "url": "https://api.github.com/repos/swoft-cloud/swoole-ide-helper/zipball/912a2c5db04c859531d7e89a1a985bb63354fe8d",
                "reference": "912a2c5db04c859531d7e89a1a985bb63354fe8d",
                "shasum": "",
                "mirrors": [
                    {
                        "url": "https://dl.laravel-china.org/%package%/%reference%.%type%",
                        "preferred": true
                    }
                ]
            },
            "type": "library",
            "notification-url": "https://packagist.org/downloads/",
            "license": [
                "Apache-2.0"
            ],
            "description": "ide helper for Swoft and Swoole",
            "keywords": [
                "ide-helper",
                "php",
                "swoft",
                "swoole"
            ],
            "time": "2019-01-06T11:09:21+00:00"
        }
    ],
    "packages-dev": [
        {
            "name": "phalcon/ide-stubs",
            "version": "v3.4.3",
            "source": {
                "type": "git",
                "url": "https://github.com/phalcon/ide-stubs.git",
                "reference": "65144f2b0fad32b182ccb062b1efc1b4edea5d44"
            },
            "dist": {
                "type": "zip",
                "url": "https://api.github.com/repos/phalcon/ide-stubs/zipball/65144f2b0fad32b182ccb062b1efc1b4edea5d44",
                "reference": "65144f2b0fad32b182ccb062b1efc1b4edea5d44",
                "shasum": ""
            },
            "require": {
                "php": ">=5.3.0"
            },
            "type": "library",
            "notification-url": "https://packagist.org/downloads/",
            "license": [
                "BSD-3-Clause"
            ],
            "authors": [
                {
                    "name": "Phalcon Team",
                    "email": "team@phalconphp.com",
                    "homepage": "https://phalconphp.com/en/team"
                },
                {
                    "name": "Contributors",
                    "homepage": "https://github.com/phalcon/ide-stubs/graphs/contributors"
                }
            ],
            "description": "The most complete Phalcon Framework IDE stubs library which enables autocompletion in modern IDEs.",
            "homepage": "https://phalconphp.com",
            "keywords": [
                "Devtools",
                "Eclipse",
                "autocomplete",
                "ide",
                "netbeans",
                "phalcon",
                "phpstorm",
                "stub",
                "stubs"
            ],
            "time": "2018-12-09T14:11:06+00:00"
        }
    ],
    "aliases": [],
    "minimum-stability": "stable",
    "stability-flags": {
        "phpmicroservice/pms-frame": 20
    },
    "prefer-stable": false,
    "prefer-lowest": false,
    "platform": {
        "ext-memcached": "*",
        "ext-pdo": "*"
    },
    "platform-dev": []
}
